
Microsoft Visual Studio Solution File, Format Version 12.00
# Visual Studio 15
VisualStudioVersion = 15.0.28307.271
MinimumVisualStudioVersion = 10.0.40219.1
Project("{FAE04EC0-301F-11D3-BF4B-00C04F79EFBC}") = "OpClipBoardCsharpForm", "OpClipBoardCsharpForm\OpClipBoardCsharpForm.csproj", "{93816986-7C01-45FE-93B4-6C1B30952E65}"
EndProject
Global
	GlobalSection(SolutionConfigurationPlatforms) = preSolution
		Debug|Any CPU = Debug|Any CPU
		Release|Any CPU = Release|Any CPU
	EndGlobalSection
	GlobalSection(ProjectConfigurationPlatforms) = postSolution
		{93816986-7C01-45FE-93B4-6C1B30952E65}.Debug|Any CPU.ActiveCfg = Debug|Any CPU
		{93816986-7C01-45FE-93B4-6C1B30952E65}.Debug|Any CPU.Build.0 = Debug|Any CPU
		{93816986-7C01-45FE-93B4-6C1B30952E65}.Release|Any CPU.ActiveCfg = Release|Any CPU
		{93816986-7C01-45FE-93B4-6C1B30952E65}.Release|Any CPU.Build.0 = Release|Any CPU
	EndGlobalSection
	GlobalSection(SolutionProperties) = preSolution
		HideSolutionNode = FALSE
	EndGlobalSection
	GlobalSection(ExtensibilityGlobals) = postSolution
		SolutionGuid = {995B0BA5-94B2-4663-8829-970F3EE638A4}
	EndGlobalSection
EndGlobal
